<?xml version="1.0" encoding="utf-8"?>
<Project ToolsVersion="4.0" xmlns="http://schemas.microsoft.com/developer/msbuild/2003">
  <ItemGroup>
    <Filter Include="Source Files">
      <UniqueIdentifier>{4FC737F1-C7A5-4376-A066-2A32D752A2FF}</UniqueIdentifier>
      <Extensions>cpp;c;cc;cxx;def;odl;idl;hpj;bat;asm;asmx</Extensions>
    </Filter>
    <Filter Include="Header Files">
      <UniqueIdentifier>{93995380-89BD-4b04-88EB-625FBE52EBFB}</UniqueIdentifier>
      <Extensions>h;hh;hpp;hxx;hm;inl;inc;xsd</Extensions>
    </Filter>
    <Filter Include="Resource Files">
      <UniqueIdentifier>{67DA6AB6-F800-4c08-8B7A-83BB121AAD01}</UniqueIdentifier>
      <Extensions>rc;ico;cur;bmp;dlg;rc2;rct;bin;rgs;gif;jpg;jpeg;jpe;resx;tiff;tif;png;wav;mfcribbon-ms</Extensions>
    </Filter>
    <Filter Include="Header Files\utility">
      <UniqueIdentifier>{4e3a36a5-c02e-4d22-bb75-b381968f3b6e}</UniqueIdentifier>
    </Filter>
    <Filter Include="Source Files\utility">
      <UniqueIdentifier>{58fd2910-1d9c-4de0-b7ed-4fee90464431}</UniqueIdentifier>
    </Filter>
    <Filter Include="Header Files\messages">
      <UniqueIdentifier>{97545a37-8c71-45df-a12b-aae385468d67}</UniqueIdentifier>
    </Filter>
    <Filter Include="Header Files\messages\cl_sv_messages">
      <UniqueIdentifier>{65bc711f-e9e2-4aee-8af8-820d81d45c0b}</UniqueIdentifier>
    </Filter>
    <Filter Include="Source Files\messages">
      <UniqueIdentifier>{a668556f-e950-49b4-9443-edd9c39755b6}</UniqueIdentifier>
    </Filter>
    <Filter Include="Source Files\messages\cl_sv_messages">
      <UniqueIdentifier>{bea9ad4a-cbb2-441e-8bfa-54bd9f2cd896}</UniqueIdentifier>
    </Filter>
    <Filter Include="Header Files\messages\sv_cl_messages">
      <UniqueIdentifier>{756534a5-0eeb-40a8-9ecb-b031685b01cf}</UniqueIdentifier>
    </Filter>
    <Filter Include="Source Files\messages\sv_cl_messages">
      <UniqueIdentifier>{33a3ee0e-7f80-4c1c-8300-c49b5346e7f8}</UniqueIdentifier>
    </Filter>
    <Filter Include="Header Files\networking">
      <UniqueIdentifier>{68922bc2-49aa-4784-a96e-a06dec8a8edb}</UniqueIdentifier>
    </Filter>
    <Filter Include="Header Files\networking\stringtable">
      <UniqueIdentifier>{37cbea75-55a5-45f5-8ba1-a60d9ca21964}</UniqueIdentifier>
    </Filter>
    <Filter Include="Source Files\networking">
      <UniqueIdentifier>{314afafa-bb88-4862-802a-74a3a21575af}</UniqueIdentifier>
    </Filter>
    <Filter Include="Source Files\networking\stringtable">
      <UniqueIdentifier>{b3e8c727-ada7-4daf-957f-6813a113b190}</UniqueIdentifier>
    </Filter>
    <Filter Include="Header Files\engine">
      <UniqueIdentifier>{1ffd5f46-960a-4e75-aba5-6950b7657bb8}</UniqueIdentifier>
    </Filter>
    <Filter Include="Header Files\engine\client">
      <UniqueIdentifier>{0ef56e48-1269-4a1a-b478-01be9440de4e}</UniqueIdentifier>
    </Filter>
    <Filter Include="Source Files\engine">
      <UniqueIdentifier>{ded97c64-2320-4d47-9b68-21b14cbb331b}</UniqueIdentifier>
    </Filter>
    <Filter Include="Source Files\engine\client">
      <UniqueIdentifier>{7c987ff1-c61a-4fe3-aba4-a1b4374e22dc}</UniqueIdentifier>
    </Filter>
    <Filter Include="Header Files\engine\server">
      <UniqueIdentifier>{b35966d9-6cfe-469a-a05b-ae05f3c78f0c}</UniqueIdentifier>
    </Filter>
    <Filter Include="Source Files\engine\server">
      <UniqueIdentifier>{07f1c04d-1e08-41e4-8551-7437293507f3}</UniqueIdentifier>
    </Filter>
    <Filter Include="Header Files\game">
      <UniqueIdentifier>{892d08e8-a1b4-46b1-83fb-668111ab4eb1}</UniqueIdentifier>
    </Filter>
    <Filter Include="Header Files\game\shared">
      <UniqueIdentifier>{3d2d67a6-ec42-4d90-b0ce-f2bf315919d1}</UniqueIdentifier>
    </Filter>
    <Filter Include="Header Files\game\shared\client">
      <UniqueIdentifier>{6528c966-aafc-424e-a186-4e93091a917c}</UniqueIdentifier>
    </Filter>
    <Filter Include="Header Files\game\shared\server">
      <UniqueIdentifier>{c2e90433-b84a-49ca-aae4-6433b3c71bd5}</UniqueIdentifier>
    </Filter>
    <Filter Include="Header Files\game\server">
      <UniqueIdentifier>{dcec5b70-a1d2-4f92-b46c-f025480a61cc}</UniqueIdentifier>
    </Filter>
    <Filter Include="Source Files\game">
      <UniqueIdentifier>{00e23518-e43f-4e76-967e-9c479a8953cb}</UniqueIdentifier>
    </Filter>
    <Filter Include="Source Files\game\shared">
      <UniqueIdentifier>{4db9d424-6ce9-4d9a-8137-ad8d79132f49}</UniqueIdentifier>
    </Filter>
    <Filter Include="Source Files\game\shared\server">
      <UniqueIdentifier>{063b6a5a-bb57-4707-bba1-6b5caa4da812}</UniqueIdentifier>
    </Filter>
    <Filter Include="Source Files\game\shared\client">
      <UniqueIdentifier>{5cd90a1a-43c2-41f1-b763-72d9eeee266d}</UniqueIdentifier>
    </Filter>
    <Filter Include="Source Files\game\server">
      <UniqueIdentifier>{891834ca-9994-48d8-8dfa-af63360dcaeb}</UniqueIdentifier>
    </Filter>
    <Filter Include="Header Files\lib">
      <UniqueIdentifier>{9b5b18b1-be31-47c5-b449-e3a26977dc20}</UniqueIdentifier>
    </Filter>
    <Filter Include="Source Files\lib">
      <UniqueIdentifier>{64566707-19f7-4977-938a-50b54ecbc760}</UniqueIdentifier>
    </Filter>
    <Filter Include="Header Files\core">
      <UniqueIdentifier>{efd7a4a5-a79a-4291-a544-3c66430c202f}</UniqueIdentifier>
    </Filter>
    <Filter Include="Header Files\core\shared">
      <UniqueIdentifier>{9d480775-93ed-499d-bdff-670253de46f7}</UniqueIdentifier>
    </Filter>
    <Filter Include="Source Files\core">
      <UniqueIdentifier>{84ff4ccc-428a-4c4a-90f5-47018314fd32}</UniqueIdentifier>
    </Filter>
    <Filter Include="Source Files\core\shared">
      <UniqueIdentifier>{fea8c53b-3439-4799-beb1-680a63ba4629}</UniqueIdentifier>
    </Filter>
    <Filter Include="Header Files\game\client">
      <UniqueIdentifier>{596268b4-558c-41c9-bc04-67be71996f51}</UniqueIdentifier>
    </Filter>
    <Filter Include="Source Files\game\client">
      <UniqueIdentifier>{b21cb1cf-521f-4945-b0e7-d59d71ac1ff0}</UniqueIdentifier>
    </Filter>
  </ItemGroup>
  <ItemGroup>
    <ClCompile Include="..\src\Main.cpp">
      <Filter>Source Files</Filter>
    </ClCompile>
    <ClCompile Include="..\src\messages\cl_sv_messages\ClientCmd.pb.cc">
      <Filter>Source Files\messages\cl_sv_messages</Filter>
    </ClCompile>
    <ClCompile Include="..\src\messages\sv_cl_messages\ClientPrint.pb.cc">
      <Filter>Source Files\messages\sv_cl_messages</Filter>
    </ClCompile>
    <ClCompile Include="..\src\utility\CHashStringPool.cpp">
      <Filter>Source Files\utility</Filter>
    </ClCompile>
    <ClCompile Include="..\src\utility\Util.cpp">
      <Filter>Source Files\utility</Filter>
    </ClCompile>
    <ClCompile Include="..\src\utility\CWorldTime.cpp">
      <Filter>Source Files\utility</Filter>
    </ClCompile>
    <ClCompile Include="..\src\messages\sv_cl_messages\NetTable.pb.cc">
      <Filter>Source Files\messages\sv_cl_messages</Filter>
    </ClCompile>
    <ClCompile Include="..\src\networking\stringtable\CNetworkStringTable.cpp">
      <Filter>Source Files\networking\stringtable</Filter>
    </ClCompile>
    <ClCompile Include="..\src\networking\stringtable\CNetworkStringTableManager.cpp">
      <Filter>Source Files\networking\stringtable</Filter>
    </ClCompile>
    <ClCompile Include="..\src\networking\CNetBufInputStream.cpp">
      <Filter>Source Files\networking</Filter>
    </ClCompile>
    <ClCompile Include="..\src\networking\CNetBufOutputStream.cpp">
      <Filter>Source Files\networking</Filter>
    </ClCompile>
    <ClCompile Include="..\src\networking\CNetworkBuffer.cpp">
      <Filter>Source Files\networking</Filter>
    </ClCompile>
    <ClCompile Include="..\src\networking\NetworkUtils.cpp">
      <Filter>Source Files\networking</Filter>
    </ClCompile>
    <ClCompile Include="..\src\engine\client\CClient.cpp">
      <Filter>Source Files\engine\client</Filter>
    </ClCompile>
    <ClCompile Include="..\src\engine\client\CClientNetworkStringTableManager.cpp">
      <Filter>Source Files\engine\client</Filter>
    </ClCompile>
    <ClCompile Include="..\src\engine\client\CCLServer.cpp">
      <Filter>Source Files\engine\client</Filter>
    </ClCompile>
    <ClCompile Include="..\src\engine\server\CServer.cpp">
      <Filter>Source Files\engine\server</Filter>
    </ClCompile>
    <ClCompile Include="..\src\engine\server\CServerNetworkStringtableManager.cpp">
      <Filter>Source Files\engine\server</Filter>
    </ClCompile>
    <ClCompile Include="..\src\engine\server\CSVClient.cpp">
      <Filter>Source Files\engine\server</Filter>
    </ClCompile>
    <ClCompile Include="..\src\engine\CGame.cpp">
      <Filter>Source Files\engine</Filter>
    </ClCompile>
    <ClCompile Include="..\src\game\server\CGameServer.cpp">
      <Filter>Source Files\game\server</Filter>
    </ClCompile>
    <ClCompile Include="..\src\lib\LibInterface.cpp">
      <Filter>Source Files\lib</Filter>
    </ClCompile>
    <ClCompile Include="..\src\core\shared\Platform.cpp">
      <Filter>Source Files\core\shared</Filter>
    </ClCompile>
    <ClCompile Include="..\src\game\client\CGameClient.cpp">
      <Filter>Source Files\game\client</Filter>
    </ClCompile>
    <ClCompile Include="..\src\utility\CCommand.cpp">
      <Filter>Source Files\utility</Filter>
    </ClCompile>
    <ClCompile Include="..\src\utility\Tokenization.cpp">
      <Filter>Source Files\utility</Filter>
    </ClCompile>
  </ItemGroup>
  <ItemGroup>
    <ClInclude Include="..\src\messages\cl_sv_messages\ClientCmd.pb.h">
      <Filter>Header Files\messages\cl_sv_messages</Filter>
    </ClInclude>
    <ClInclude Include="..\src\messages\sv_cl_messages\ClientPrint.pb.h">
      <Filter>Header Files\messages\sv_cl_messages</Filter>
    </ClInclude>
    <ClInclude Include="..\src\utility\CAutoString.h">
      <Filter>Header Files\utility</Filter>
    </ClInclude>
    <ClInclude Include="..\src\utility\CHashStringPool.h">
      <Filter>Header Files\utility</Filter>
    </ClInclude>
    <ClInclude Include="..\src\utility\StringUtils.h">
      <Filter>Header Files\utility</Filter>
    </ClInclude>
    <ClInclude Include="..\src\utility\Util.h">
      <Filter>Header Files\utility</Filter>
    </ClInclude>
    <ClInclude Include="..\src\utility\CWorldTime.h">
      <Filter>Header Files\utility</Filter>
    </ClInclude>
    <ClInclude Include="..\src\messages\sv_cl_messages\NetTable.pb.h">
      <Filter>Header Files\messages\sv_cl_messages</Filter>
    </ClInclude>
    <ClInclude Include="..\src\networking\stringtable\CNetworkStringTable.h">
      <Filter>Header Files\networking\stringtable</Filter>
    </ClInclude>
    <ClInclude Include="..\src\networking\stringtable\CNetworkStringTableManager.h">
      <Filter>Header Files\networking\stringtable</Filter>
    </ClInclude>
    <ClInclude Include="..\src\networking\CNetBufInputStream.h">
      <Filter>Header Files\networking</Filter>
    </ClInclude>
    <ClInclude Include="..\src\networking\CNetBufOutputStream.h">
      <Filter>Header Files\networking</Filter>
    </ClInclude>
    <ClInclude Include="..\src\networking\CNetworkBuffer.h">
      <Filter>Header Files\networking</Filter>
    </ClInclude>
    <ClInclude Include="..\src\networking\NetworkUtils.h">
      <Filter>Header Files\networking</Filter>
    </ClInclude>
    <ClInclude Include="..\src\engine\client\CClient.h">
      <Filter>Header Files\engine\client</Filter>
    </ClInclude>
    <ClInclude Include="..\src\engine\client\CClientNetworkStringTableManager.h">
      <Filter>Header Files\engine\client</Filter>
    </ClInclude>
    <ClInclude Include="..\src\engine\client\CCLServer.h">
      <Filter>Header Files\engine\client</Filter>
    </ClInclude>
    <ClInclude Include="..\src\engine\server\CServer.h">
      <Filter>Header Files\engine\server</Filter>
    </ClInclude>
    <ClInclude Include="..\src\engine\server\CServerNetworkStringtableManager.h">
      <Filter>Header Files\engine\server</Filter>
    </ClInclude>
    <ClInclude Include="..\src\engine\server\CSVClient.h">
      <Filter>Header Files\engine\server</Filter>
    </ClInclude>
    <ClInclude Include="..\src\networking\NetworkConstants.h">
      <Filter>Header Files\networking</Filter>
    </ClInclude>
    <ClInclude Include="..\src\engine\CGame.h">
      <Filter>Header Files\engine</Filter>
    </ClInclude>
    <ClInclude Include="..\src\game\shared\server\IGameServerInterface.h">
      <Filter>Header Files\game\shared\server</Filter>
    </ClInclude>
    <ClInclude Include="..\src\game\shared\client\IGameClientInterface.h">
      <Filter>Header Files\game\shared\client</Filter>
    </ClInclude>
    <ClInclude Include="..\src\game\server\CGameServer.h">
      <Filter>Header Files\game\server</Filter>
    </ClInclude>
    <ClInclude Include="..\src\lib\LibInterface.h">
      <Filter>Header Files\lib</Filter>
    </ClInclude>
    <ClInclude Include="..\src\core\shared\Platform.h">
      <Filter>Header Files\core\shared</Filter>
    </ClInclude>
    <ClInclude Include="..\src\game\shared\IBaseGameInterface.h">
      <Filter>Header Files\game\shared</Filter>
    </ClInclude>
    <ClInclude Include="..\src\game\client\CGameClient.h">
      <Filter>Header Files\game\client</Filter>
    </ClInclude>
    <ClInclude Include="..\src\core\shared\Utility.h">
      <Filter>Header Files\core\shared</Filter>
    </ClInclude>
    <ClInclude Include="..\src\utility\CCommand.h">
      <Filter>Header Files\utility</Filter>
    </ClInclude>
    <ClInclude Include="..\src\utility\Tokenization.h">
      <Filter>Header Files\utility</Filter>
    </ClInclude>
  </ItemGroup>
</Project>